
Microsoft Visual Studio Solution File, Format Version 12.00
# Visual Studio Version 16
VisualStudioVersion = 16.0.30330.147
MinimumVisualStudioVersion = 10.0.40219.1
Project("{FAE04EC0-301F-11D3-BF4B-00C04F79EFBC}") = "OzTest", "OzTest\OzTest.csproj", "{A7891D0D-DDEB-436A-9B50-C601299C3278}"
EndProject
Project("{FAE04EC0-301F-11D3-BF4B-00C04F79EFBC}") = "OzUnitTest", "OzUnitTest\OzUnitTest.csproj", "{A27A79A1-DEDC-484D-B0EB-A11CE2953777}"
EndProject
Global
	GlobalSection(SolutionConfigurationPlatforms) = preSolution
		Debug|Any CPU = Debug|Any CPU
		Release|Any CPU = Release|Any CPU
	EndGlobalSection
	GlobalSection(ProjectConfigurationPlatforms) = postSolution
		{A7891D0D-DDEB-436A-9B50-C601299C3278}.Debug|Any CPU.ActiveCfg = Debug|Any CPU
		{A7891D0D-DDEB-436A-9B50-C601299C3278}.Debug|Any CPU.Build.0 = Debug|Any CPU
		{A7891D0D-DDEB-436A-9B50-C601299C3278}.Release|Any CPU.ActiveCfg = Release|Any CPU
		{A7891D0D-DDEB-436A-9B50-C601299C3278}.Release|Any CPU.Build.0 = Release|Any CPU
		{A27A79A1-DEDC-484D-B0EB-A11CE2953777}.Debug|Any CPU.ActiveCfg = Debug|Any CPU
		{A27A79A1-DEDC-484D-B0EB-A11CE2953777}.Debug|Any CPU.Build.0 = Debug|Any CPU
		{A27A79A1-DEDC-484D-B0EB-A11CE2953777}.Release|Any CPU.ActiveCfg = Release|Any CPU
		{A27A79A1-DEDC-484D-B0EB-A11CE2953777}.Release|Any CPU.Build.0 = Release|Any CPU
	EndGlobalSection
	GlobalSection(SolutionProperties) = preSolution
		HideSolutionNode = FALSE
	EndGlobalSection
	GlobalSection(ExtensibilityGlobals) = postSolution
		SolutionGuid = {3B93DD08-AEDA-416F-9276-D047D2700402}
	EndGlobalSection
EndGlobal
